
Microsoft Visual Studio Solution File, Format Version 12.00
# Visual Studio Version 17
VisualStudioVersion = 17.8.34309.116
MinimumVisualStudioVersion = 10.0.40219.1
Project("{FAE04EC0-301F-11D3-BF4B-00C04F79EFBC}") = "Actividad2", "Actividad2\Actividad2.csproj", "{29A46FE1-2CCD-4E22-A724-6B660AD5D199}"
EndProject
Global
	GlobalSection(SolutionConfigurationPlatforms) = preSolution
		Debug|Any CPU = Debug|Any CPU
		Release|Any CPU = Release|Any CPU
	EndGlobalSection
	GlobalSection(ProjectConfigurationPlatforms) = postSolution
		{29A46FE1-2CCD-4E22-A724-6B660AD5D199}.Debug|Any CPU.ActiveCfg = Debug|Any CPU
		{29A46FE1-2CCD-4E22-A724-6B660AD5D199}.Debug|Any CPU.Build.0 = Debug|Any CPU
		{29A46FE1-2CCD-4E22-A724-6B660AD5D199}.Release|Any CPU.ActiveCfg = Release|Any CPU
		{29A46FE1-2CCD-4E22-A724-6B660AD5D199}.Release|Any CPU.Build.0 = Release|Any CPU
	EndGlobalSection
	GlobalSection(SolutionProperties) = preSolution
		HideSolutionNode = FALSE
	EndGlobalSection
	GlobalSection(ExtensibilityGlobals) = postSolution
		SolutionGuid = {2B738F3F-1136-4188-A56C-9B5F7E7684C4}
	EndGlobalSection
EndGlobal
